
Microsoft Visual Studio Solution File, Format Version 12.00
# Visual Studio Version 17
VisualStudioVersion = 17.6.33717.318
MinimumVisualStudioVersion = 10.0.40219.1
Project("{2150E333-8FDC-42A3-9474-1A3956D46DE8}") = "src", "src", "{E2C60CBE-64D1-460B-A16B-EB9EF38E1BFA}"
EndProject
Project("{2150E333-8FDC-42A3-9474-1A3956D46DE8}") = "Core", "Core", "{E7AD9253-8879-4064-BC8A-19D6246D13E8}"
EndProject
Project("{2150E333-8FDC-42A3-9474-1A3956D46DE8}") = "Infrastructure", "Infrastructure", "{459E2BFB-92BF-4267-8AFB-B0099B2A3381}"
EndProject
Project("{2150E333-8FDC-42A3-9474-1A3956D46DE8}") = "Presentation", "Presentation", "{747DECF1-52ED-44CC-9CDD-1E6ABC3D45DD}"
EndProject
Project("{FAE04EC0-301F-11D3-BF4B-00C04F79EFBC}") = "HMS.Application", "src\Core\HMS.Application\HMS.Application.csproj", "{5E328BF0-83B1-4F50-BFE4-C8B61550C127}"
EndProject
Project("{FAE04EC0-301F-11D3-BF4B-00C04F79EFBC}") = "HMS.Domain", "src\Core\HMS.Domain\HMS.Domain.csproj", "{1C68AA6B-ACA5-45D6-BFAC-70FED9153B07}"
EndProject
Project("{FAE04EC0-301F-11D3-BF4B-00C04F79EFBC}") = "HMS.Infrastructure", "src\Infrastructure\HMS.Infrastructure\HMS.Infrastructure.csproj", "{5F8D4EE2-35B4-47F3-AE97-217A94E14DA4}"
EndProject
Project("{FAE04EC0-301F-11D3-BF4B-00C04F79EFBC}") = "HMS.Persistence", "src\Infrastructure\HMS.Presentation\HMS.Persistence.csproj", "{DA115410-40C6-42E0-BC4A-E0D1C891D2F5}"
EndProject
Project("{FAE04EC0-301F-11D3-BF4B-00C04F79EFBC}") = "HMS.API", "src\Presentation\HMS.API\HMS.API.csproj", "{EDFE2CEA-7557-42CC-9C52-F3E91C1CD171}"
EndProject
Global
	GlobalSection(SolutionConfigurationPlatforms) = preSolution
		Debug|Any CPU = Debug|Any CPU
		Release|Any CPU = Release|Any CPU
	EndGlobalSection
	GlobalSection(ProjectConfigurationPlatforms) = postSolution
		{5E328BF0-83B1-4F50-BFE4-C8B61550C127}.Debug|Any CPU.ActiveCfg = Debug|Any CPU
		{5E328BF0-83B1-4F50-BFE4-C8B61550C127}.Debug|Any CPU.Build.0 = Debug|Any CPU
		{5E328BF0-83B1-4F50-BFE4-C8B61550C127}.Release|Any CPU.ActiveCfg = Release|Any CPU
		{5E328BF0-83B1-4F50-BFE4-C8B61550C127}.Release|Any CPU.Build.0 = Release|Any CPU
		{1C68AA6B-ACA5-45D6-BFAC-70FED9153B07}.Debug|Any CPU.ActiveCfg = Debug|Any CPU
		{1C68AA6B-ACA5-45D6-BFAC-70FED9153B07}.Debug|Any CPU.Build.0 = Debug|Any CPU
		{1C68AA6B-ACA5-45D6-BFAC-70FED9153B07}.Release|Any CPU.ActiveCfg = Release|Any CPU
		{1C68AA6B-ACA5-45D6-BFAC-70FED9153B07}.Release|Any CPU.Build.0 = Release|Any CPU
		{5F8D4EE2-35B4-47F3-AE97-217A94E14DA4}.Debug|Any CPU.ActiveCfg = Debug|Any CPU
		{5F8D4EE2-35B4-47F3-AE97-217A94E14DA4}.Debug|Any CPU.Build.0 = Debug|Any CPU
		{5F8D4EE2-35B4-47F3-AE97-217A94E14DA4}.Release|Any CPU.ActiveCfg = Release|Any CPU
		{5F8D4EE2-35B4-47F3-AE97-217A94E14DA4}.Release|Any CPU.Build.0 = Release|Any CPU
		{DA115410-40C6-42E0-BC4A-E0D1C891D2F5}.Debug|Any CPU.ActiveCfg = Debug|Any CPU
		{DA115410-40C6-42E0-BC4A-E0D1C891D2F5}.Debug|Any CPU.Build.0 = Debug|Any CPU
		{DA115410-40C6-42E0-BC4A-E0D1C891D2F5}.Release|Any CPU.ActiveCfg = Release|Any CPU
		{DA115410-40C6-42E0-BC4A-E0D1C891D2F5}.Release|Any CPU.Build.0 = Release|Any CPU
		{EDFE2CEA-7557-42CC-9C52-F3E91C1CD171}.Debug|Any CPU.ActiveCfg = Debug|Any CPU
		{EDFE2CEA-7557-42CC-9C52-F3E91C1CD171}.Debug|Any CPU.Build.0 = Debug|Any CPU
		{EDFE2CEA-7557-42CC-9C52-F3E91C1CD171}.Release|Any CPU.ActiveCfg = Release|Any CPU
		{EDFE2CEA-7557-42CC-9C52-F3E91C1CD171}.Release|Any CPU.Build.0 = Release|Any CPU
	EndGlobalSection
	GlobalSection(SolutionProperties) = preSolution
		HideSolutionNode = FALSE
	EndGlobalSection
	GlobalSection(NestedProjects) = preSolution
		{E7AD9253-8879-4064-BC8A-19D6246D13E8} = {E2C60CBE-64D1-460B-A16B-EB9EF38E1BFA}
		{459E2BFB-92BF-4267-8AFB-B0099B2A3381} = {E2C60CBE-64D1-460B-A16B-EB9EF38E1BFA}
		{747DECF1-52ED-44CC-9CDD-1E6ABC3D45DD} = {E2C60CBE-64D1-460B-A16B-EB9EF38E1BFA}
		{5E328BF0-83B1-4F50-BFE4-C8B61550C127} = {E7AD9253-8879-4064-BC8A-19D6246D13E8}
		{1C68AA6B-ACA5-45D6-BFAC-70FED9153B07} = {E7AD9253-8879-4064-BC8A-19D6246D13E8}
		{5F8D4EE2-35B4-47F3-AE97-217A94E14DA4} = {459E2BFB-92BF-4267-8AFB-B0099B2A3381}
		{DA115410-40C6-42E0-BC4A-E0D1C891D2F5} = {459E2BFB-92BF-4267-8AFB-B0099B2A3381}
		{EDFE2CEA-7557-42CC-9C52-F3E91C1CD171} = {747DECF1-52ED-44CC-9CDD-1E6ABC3D45DD}
	EndGlobalSection
	GlobalSection(ExtensibilityGlobals) = postSolution
		SolutionGuid = {B39C685C-B7C1-4F97-AB01-8D1E8E8E9D1C}
	EndGlobalSection
EndGlobal
